{
  "nodes": {
    "darwin": {
      "inputs": {
        "nixpkgs": [
          "nixpkgs"
        ]
      },
      "locked": {
        "lastModified": 1650399173,
        "narHash": "sha256-YYJDu6CxLGIrjnH6uAmPxqRmrgrqPhXNZHpZoqw3q5k=",
        "owner": "lnl7",
        "repo": "nix-darwin",
        "rev": "2979028c51ba0ad7e2062dbdc1674be0f71092fc",
        "type": "github"
      },
      "original": {
        "owner": "lnl7",
        "ref": "master",
        "repo": "nix-darwin",
        "type": "github"
      }
    },
    "home-manager": {
      "inputs": {
        "nixpkgs": [
          "nixpkgs"
        ]
      },
      "locked": {
        "lastModified": 1650478719,
        "narHash": "sha256-308c2cM4hW9AW6dSQ080ycXGyEJGkG/OwOINkYL9Mnw=",
        "owner": "nix-community",
        "repo": "home-manager",
        "rev": "93a69d07389311ffd6ce1f4d01836bbc2faec644",
        "type": "github"
      },
      "original": {
        "owner": "nix-community",
        "ref": "master",
        "repo": "home-manager",
        "type": "github"
      }
    },
    "nixpkgs": {
      "locked": {
        "lastModified": 1650920067,
        "narHash": "sha256-iV+7zkBZsHiy4epfcyoiW8lRXdjZXq6h8RfNcaua4Fc=",
        "owner": "NixOS",
        "repo": "nixpkgs",
        "rev": "6a323903ad07de6680169bb0423c5cea9db41d82",
        "type": "github"
      },
      "original": {
        "id": "nixpkgs",
        "ref": "nixos-unstable",
        "type": "indirect"
      }
    },
    "nixpkgs-unstable": {
      "locked": {
        "lastModified": 1650999341,
        "narHash": "sha256-ByTuyLx5k2kjo0qClN74MXOLxjfyKr3bZ4d9O6n0FeQ=",
        "owner": "NixOS",
        "repo": "nixpkgs",
        "rev": "a5282b8bfc8ba84ce2f7ec6da470d16f579a1419",
        "type": "github"
      },
      "original": {
        "id": "nixpkgs",
        "ref": "nixpkgs-unstable",
        "type": "indirect"
      }
    },
    "root": {
      "inputs": {
        "darwin": "darwin",
        "home-manager": "home-manager",
        "nixpkgs": "nixpkgs",
        "nixpkgs-unstable": "nixpkgs-unstable"
      }
    }
  },
  "root": "root",
  "version": 7
}
